
Microsoft Visual Studio Solution File, Format Version 12.00
# Visual Studio 14
VisualStudioVersion = 14.0.25420.1
MinimumVisualStudioVersion = 10.0.40219.1
Project("{FAE04EC0-301F-11D3-BF4B-00C04F79EFBC}") = "HomeworkToFEN", "HomeworkToFEN\HomeworkToFEN.csproj", "{89BD0597-482D-4F5B-9CB9-2AB8D8A25BA6}"
EndProject
Project("{FAE04EC0-301F-11D3-BF4B-00C04F79EFBC}") = "HomeworkReader", "HomeworkReader\HomeworkReader.csproj", "{6A11E108-4927-4AAE-8FDA-F5381B65E2E3}"
EndProject
Global
	GlobalSection(SolutionConfigurationPlatforms) = preSolution
		Debug|Any CPU = Debug|Any CPU
		Release|Any CPU = Release|Any CPU
	EndGlobalSection
	GlobalSection(ProjectConfigurationPlatforms) = postSolution
		{89BD0597-482D-4F5B-9CB9-2AB8D8A25BA6}.Debug|Any CPU.ActiveCfg = Debug|Any CPU
		{89BD0597-482D-4F5B-9CB9-2AB8D8A25BA6}.Debug|Any CPU.Build.0 = Debug|Any CPU
		{89BD0597-482D-4F5B-9CB9-2AB8D8A25BA6}.Release|Any CPU.ActiveCfg = Release|Any CPU
		{89BD0597-482D-4F5B-9CB9-2AB8D8A25BA6}.Release|Any CPU.Build.0 = Release|Any CPU
		{6A11E108-4927-4AAE-8FDA-F5381B65E2E3}.Debug|Any CPU.ActiveCfg = Debug|Any CPU
		{6A11E108-4927-4AAE-8FDA-F5381B65E2E3}.Debug|Any CPU.Build.0 = Debug|Any CPU
		{6A11E108-4927-4AAE-8FDA-F5381B65E2E3}.Release|Any CPU.ActiveCfg = Release|Any CPU
		{6A11E108-4927-4AAE-8FDA-F5381B65E2E3}.Release|Any CPU.Build.0 = Release|Any CPU
	EndGlobalSection
	GlobalSection(SolutionProperties) = preSolution
		HideSolutionNode = FALSE
	EndGlobalSection
EndGlobal
